
Microsoft Visual Studio Solution File, Format Version 12.00
# Visual Studio Version 17
VisualStudioVersion = 17.5.002.0
MinimumVisualStudioVersion = 10.0.40219.1
Project("{9A19103F-16F7-4668-BE54-9A1E7A4F7556}") = "mom3", "mom3.csproj", "{68ADD7C8-8C6E-49D6-A857-6BD04E545753}"
EndProject
Global
	GlobalSection(SolutionConfigurationPlatforms) = preSolution
		Debug|Any CPU = Debug|Any CPU
		Release|Any CPU = Release|Any CPU
	EndGlobalSection
	GlobalSection(ProjectConfigurationPlatforms) = postSolution
		{68ADD7C8-8C6E-49D6-A857-6BD04E545753}.Debug|Any CPU.ActiveCfg = Debug|Any CPU
		{68ADD7C8-8C6E-49D6-A857-6BD04E545753}.Debug|Any CPU.Build.0 = Debug|Any CPU
		{68ADD7C8-8C6E-49D6-A857-6BD04E545753}.Release|Any CPU.ActiveCfg = Release|Any CPU
		{68ADD7C8-8C6E-49D6-A857-6BD04E545753}.Release|Any CPU.Build.0 = Release|Any CPU
	EndGlobalSection
	GlobalSection(SolutionProperties) = preSolution
		HideSolutionNode = FALSE
	EndGlobalSection
	GlobalSection(ExtensibilityGlobals) = postSolution
		SolutionGuid = {BA5A8B46-CCD0-4F1A-9D4C-D8A0B7D135AA}
	EndGlobalSection
EndGlobal
